
Microsoft Visual Studio Solution File, Format Version 12.00
# Visual Studio Version 17
VisualStudioVersion = 17.7.34221.43
MinimumVisualStudioVersion = 10.0.40219.1
Project("{FAE04EC0-301F-11D3-BF4B-00C04F79EFBC}") = "Project-Report-Filter", "Project-Report-Filter\Project-Report-Filter.csproj", "{AFC28655-0CB3-4ED7-AC3F-476330D479F0}"
EndProject
Global
	GlobalSection(SolutionConfigurationPlatforms) = preSolution
		Debug|Any CPU = Debug|Any CPU
		Release|Any CPU = Release|Any CPU
	EndGlobalSection
	GlobalSection(ProjectConfigurationPlatforms) = postSolution
		{AFC28655-0CB3-4ED7-AC3F-476330D479F0}.Debug|Any CPU.ActiveCfg = Debug|Any CPU
		{AFC28655-0CB3-4ED7-AC3F-476330D479F0}.Debug|Any CPU.Build.0 = Debug|Any CPU
		{AFC28655-0CB3-4ED7-AC3F-476330D479F0}.Release|Any CPU.ActiveCfg = Release|Any CPU
		{AFC28655-0CB3-4ED7-AC3F-476330D479F0}.Release|Any CPU.Build.0 = Release|Any CPU
	EndGlobalSection
	GlobalSection(SolutionProperties) = preSolution
		HideSolutionNode = FALSE
	EndGlobalSection
	GlobalSection(ExtensibilityGlobals) = postSolution
		SolutionGuid = {0C0C1120-ADD2-43CE-AFE2-BEB0C401C93A}
	EndGlobalSection
EndGlobal
